
Microsoft Visual Studio Solution File, Format Version 12.00
# Visual Studio Version 16
VisualStudioVersion = 16.0.29806.167
MinimumVisualStudioVersion = 10.0.40219.1
Project("{2150E333-8FDC-42A3-9474-1A3956D46DE8}") = "Zappr.GraphQL", "Zappr.GraphQL", "{1CD0A69B-43C2-4258-BDD3-8D2A28078C1D}"
EndProject
Project("{FAE04EC0-301F-11D3-BF4B-00C04F79EFBC}") = "Zappr.GraphQL.Core", "Zappr.GraphQL.Core\Zappr.GraphQL.Core.csproj", "{5651182D-4F73-4DD3-BA9E-EE7B4AF90263}"
EndProject
Global
	GlobalSection(SolutionConfigurationPlatforms) = preSolution
		Debug|Any CPU = Debug|Any CPU
		Release|Any CPU = Release|Any CPU
	EndGlobalSection
	GlobalSection(ProjectConfigurationPlatforms) = postSolution
		{5651182D-4F73-4DD3-BA9E-EE7B4AF90263}.Debug|Any CPU.ActiveCfg = Debug|Any CPU
		{5651182D-4F73-4DD3-BA9E-EE7B4AF90263}.Debug|Any CPU.Build.0 = Debug|Any CPU
		{5651182D-4F73-4DD3-BA9E-EE7B4AF90263}.Release|Any CPU.ActiveCfg = Release|Any CPU
		{5651182D-4F73-4DD3-BA9E-EE7B4AF90263}.Release|Any CPU.Build.0 = Release|Any CPU
	EndGlobalSection
	GlobalSection(SolutionProperties) = preSolution
		HideSolutionNode = FALSE
	EndGlobalSection
	GlobalSection(NestedProjects) = preSolution
		{5651182D-4F73-4DD3-BA9E-EE7B4AF90263} = {1CD0A69B-43C2-4258-BDD3-8D2A28078C1D}
	EndGlobalSection
	GlobalSection(ExtensibilityGlobals) = postSolution
		SolutionGuid = {08478590-AF40-48AB-8E26-08C3C532232D}
	EndGlobalSection
EndGlobal
